
Microsoft Visual Studio Solution File, Format Version 12.00
# Visual Studio Version 17
VisualStudioVersion = 17.2.32630.192
MinimumVisualStudioVersion = 10.0.40219.1
Project("{FAE04EC0-301F-11D3-BF4B-00C04F79EFBC}") = "Lambda_csharp01", "Lambda_csharp01.csproj", "{AFA70A5B-1917-4B26-A9BA-151AED713B90}"
EndProject
Global
	GlobalSection(SolutionConfigurationPlatforms) = preSolution
		Debug|Any CPU = Debug|Any CPU
		Release|Any CPU = Release|Any CPU
	EndGlobalSection
	GlobalSection(ProjectConfigurationPlatforms) = postSolution
		{AFA70A5B-1917-4B26-A9BA-151AED713B90}.Debug|Any CPU.ActiveCfg = Debug|Any CPU
		{AFA70A5B-1917-4B26-A9BA-151AED713B90}.Debug|Any CPU.Build.0 = Debug|Any CPU
		{AFA70A5B-1917-4B26-A9BA-151AED713B90}.Release|Any CPU.ActiveCfg = Release|Any CPU
		{AFA70A5B-1917-4B26-A9BA-151AED713B90}.Release|Any CPU.Build.0 = Release|Any CPU
	EndGlobalSection
	GlobalSection(SolutionProperties) = preSolution
		HideSolutionNode = FALSE
	EndGlobalSection
	GlobalSection(ExtensibilityGlobals) = postSolution
		SolutionGuid = {F7E2E6A5-3091-42D1-B089-00614E325ED1}
	EndGlobalSection
EndGlobal
